// !$*UTF8*$!
{
	archiveVersion = 1;
	classes = {
	};
	objectVersion = 46;
	objects = {

/* Begin PBXBuildFile section */
		D34D36B61AD2F62B00EEEC08 /* RealtekRTL8111.cpp in Sources */ = {isa = PBXBuildFile; fileRef = D37BD69716C6065300C255A2 /* RealtekRTL8111.cpp */; };
		D34D36BF1AD2F62B00EEEC08 /* InfoPlist.strings in Resources */ = {isa = PBXBuildFile; fileRef = D37BD68716C605F500C255A2 /* InfoPlist.strings */; };
		D3C8EF0E22FA0BDF00F3BF68 /* RealtekRTL8111Hardware.cpp in Sources */ = {isa = PBXBuildFile; fileRef = D3C8EF0C22FA0BDF00F3BF68 /* RealtekRTL8111Hardware.cpp */; };
		D3C8EF1222FA0D0C00F3BF68 /* RealtekRTL8111Linux-804704.cpp in Sources */ = {isa = PBXBuildFile; fileRef = D3C8EF0F22FA0D0C00F3BF68 /* RealtekRTL8111Linux-804704.cpp */; };
		D3C8EF1422FA0D0C00F3BF68 /* RealtekRTL8111Linux-804704.hpp in Headers */ = {isa = PBXBuildFile; fileRef = D3C8EF1022FA0D0C00F3BF68 /* RealtekRTL8111Linux-804704.hpp */; };
/* End PBXBuildFile section */

/* Begin PBXFileReference section */
		D31CAE472531DF7000A11416 /* kpi_mbuf.h */ = {isa = PBXFileReference; lastKnownFileType = sourcecode.c.h; path = kpi_mbuf.h; sourceTree = "<group>"; };
		D31CAE482531DF7000A11416 /* kpi_interface.h */ = {isa = PBXFileReference; lastKnownFileType = sourcecode.c.h; path = kpi_interface.h; sourceTree = "<group>"; };
		D31CAE492531DF7000A11416 /* IOEthernetInterface.h */ = {isa = PBXFileReference; lastKnownFileType = sourcecode.c.h; path = IOEthernetInterface.h; sourceTree = "<group>"; };
		D31CAE4A2531DF7000A11416 /* IONetworkController.h */ = {isa = PBXFileReference; lastKnownFileType = sourcecode.c.h; path = IONetworkController.h; sourceTree = "<group>"; };
		D31CAE4B2531DF7100A11416 /* IOEthernetController.h */ = {isa = PBXFileReference; lastKnownFileType = sourcecode.c.h; path = IOEthernetController.h; sourceTree = "<group>"; };
		D31CAE4C2531DF7100A11416 /* IONetworkInterface.h */ = {isa = PBXFileReference; lastKnownFileType = sourcecode.c.h; path = IONetworkInterface.h; sourceTree = "<group>"; };
		D31CAE4E2531DFE700A11416 /* RealtekRTL8111.hpp */ = {isa = PBXFileReference; lastKnownFileType = sourcecode.cpp.h; path = RealtekRTL8111.hpp; sourceTree = "<group>"; };
		D34D36C41AD2F62B00EEEC08 /* RealtekRTL8111.kext */ = {isa = PBXFileReference; explicitFileType = wrapper.cfbundle; includeInIndex = 0; path = RealtekRTL8111.kext; sourceTree = BUILT_PRODUCTS_DIR; };
		D34D36C61AD2F71600EEEC08 /* RealtekRTL8111-V2-Prefix.pch */ = {isa = PBXFileReference; lastKnownFileType = sourcecode.c.h; path = "RealtekRTL8111-V2-Prefix.pch"; sourceTree = "<group>"; };
		D34D36C91AD2F7A900EEEC08 /* APPLE_LICENSE */ = {isa = PBXFileReference; lastKnownFileType = text; path = APPLE_LICENSE; sourceTree = "<group>"; };
		D34D782722FAED470065D59C /* r8168_dash.h */ = {isa = PBXFileReference; lastKnownFileType = sourcecode.c.h; path = r8168_dash.h; sourceTree = "<group>"; };
		D37A5F5B16CAF7D600644820 /* gpl.txt */ = {isa = PBXFileReference; lastKnownFileType = text; path = gpl.txt; sourceTree = "<group>"; };
		D37BD68316C605F500C255A2 /* Kernel.framework */ = {isa = PBXFileReference; lastKnownFileType = wrapper.framework; name = Kernel.framework; path = System/Library/Frameworks/Kernel.framework; sourceTree = SDKROOT; };
		D37BD68616C605F500C255A2 /* RealtekRTL8111-Info.plist */ = {isa = PBXFileReference; lastKnownFileType = text.plist.xml; path = "RealtekRTL8111-Info.plist"; sourceTree = "<group>"; };
		D37BD68816C605F500C255A2 /* en */ = {isa = PBXFileReference; lastKnownFileType = text.plist.strings; name = en; path = en.lproj/InfoPlist.strings; sourceTree = "<group>"; };
		D37BD69716C6065300C255A2 /* RealtekRTL8111.cpp */ = {isa = PBXFileReference; fileEncoding = 4; lastKnownFileType = sourcecode.cpp.cpp; path = RealtekRTL8111.cpp; sourceTree = "<group>"; };
		D37BD69B16C6068D00C255A2 /* linux.h */ = {isa = PBXFileReference; fileEncoding = 4; lastKnownFileType = sourcecode.c.h; path = linux.h; sourceTree = "<group>"; };
		D37BD69C16C6068D00C255A2 /* mii.h */ = {isa = PBXFileReference; fileEncoding = 4; lastKnownFileType = sourcecode.c.h; path = mii.h; sourceTree = "<group>"; };
		D37BD69D16C6068D00C255A2 /* if_ether.h */ = {isa = PBXFileReference; fileEncoding = 4; lastKnownFileType = sourcecode.c.h; path = if_ether.h; sourceTree = "<group>"; };
		D37BD69E16C6068D00C255A2 /* ethertool.h */ = {isa = PBXFileReference; fileEncoding = 4; lastKnownFileType = sourcecode.c.h; path = ethertool.h; sourceTree = "<group>"; };
		D3C8EF0C22FA0BDF00F3BF68 /* RealtekRTL8111Hardware.cpp */ = {isa = PBXFileReference; lastKnownFileType = sourcecode.cpp.cpp; path = RealtekRTL8111Hardware.cpp; sourceTree = "<group>"; };
		D3C8EF0F22FA0D0C00F3BF68 /* RealtekRTL8111Linux-804704.cpp */ = {isa = PBXFileReference; lastKnownFileType = sourcecode.cpp.cpp; path = "RealtekRTL8111Linux-804704.cpp"; sourceTree = "<group>"; };
		D3C8EF1022FA0D0C00F3BF68 /* RealtekRTL8111Linux-804704.hpp */ = {isa = PBXFileReference; lastKnownFileType = sourcecode.cpp.h; path = "RealtekRTL8111Linux-804704.hpp"; sourceTree = "<group>"; };
/* End PBXFileReference section */

/* Begin PBXFrameworksBuildPhase section */
		D34D36B81AD2F62B00EEEC08 /* Frameworks */ = {
			isa = PBXFrameworksBuildPhase;
			buildActionMask = 2147483647;
			files = (
			);
			runOnlyForDeploymentPostprocessing = 0;
		};
/* End PBXFrameworksBuildPhase section */

/* Begin PBXGroup section */
		D31CAE462531DF4C00A11416 /* Apple Headers */ = {
			isa = PBXGroup;
			children = (
				D31CAE4B2531DF7100A11416 /* IOEthernetController.h */,
				D31CAE492531DF7000A11416 /* IOEthernetInterface.h */,
				D31CAE4A2531DF7000A11416 /* IONetworkController.h */,
				D31CAE4C2531DF7100A11416 /* IONetworkInterface.h */,
				D31CAE482531DF7000A11416 /* kpi_interface.h */,
				D31CAE472531DF7000A11416 /* kpi_mbuf.h */,
			);
			path = "Apple Headers";
			sourceTree = "<group>";
		};
		D37BD67216C605F500C255A2 = {
			isa = PBXGroup;
			children = (
				D37BD68416C605F500C255A2 /* RealtekRTL8111 */,
				D37BD68116C605F500C255A2 /* Frameworks */,
				D37BD68016C605F500C255A2 /* Products */,
			);
			sourceTree = "<group>";
		};
		D37BD68016C605F500C255A2 /* Products */ = {
			isa = PBXGroup;
			children = (
				D34D36C41AD2F62B00EEEC08 /* RealtekRTL8111.kext */,
			);
			name = Products;
			sourceTree = "<group>";
		};
		D37BD68116C605F500C255A2 /* Frameworks */ = {
			isa = PBXGroup;
			children = (
				D37BD68216C605F500C255A2 /* Other Frameworks */,
			);
			name = Frameworks;
			sourceTree = "<group>";
		};
		D37BD68216C605F500C255A2 /* Other Frameworks */ = {
			isa = PBXGroup;
			children = (
				D37BD68316C605F500C255A2 /* Kernel.framework */,
			);
			name = "Other Frameworks";
			sourceTree = "<group>";
		};
		D37BD68416C605F500C255A2 /* RealtekRTL8111 */ = {
			isa = PBXGroup;
			children = (
				D31CAE4E2531DFE700A11416 /* RealtekRTL8111.hpp */,
				D37BD69716C6065300C255A2 /* RealtekRTL8111.cpp */,
				D3C8EF0C22FA0BDF00F3BF68 /* RealtekRTL8111Hardware.cpp */,
				D3C8EF1022FA0D0C00F3BF68 /* RealtekRTL8111Linux-804704.hpp */,
				D3C8EF0F22FA0D0C00F3BF68 /* RealtekRTL8111Linux-804704.cpp */,
				D34D782722FAED470065D59C /* r8168_dash.h */,
				D37BD69B16C6068D00C255A2 /* linux.h */,
				D37BD69C16C6068D00C255A2 /* mii.h */,
				D37BD69D16C6068D00C255A2 /* if_ether.h */,
				D37BD69E16C6068D00C255A2 /* ethertool.h */,
				D37A5F5B16CAF7D600644820 /* gpl.txt */,
				D34D36C91AD2F7A900EEEC08 /* APPLE_LICENSE */,
				D31CAE462531DF4C00A11416 /* Apple Headers */,
				D37BD68516C605F500C255A2 /* Supporting Files */,
			);
			path = RealtekRTL8111;
			sourceTree = "<group>";
		};
		D37BD68516C605F500C255A2 /* Supporting Files */ = {
			isa = PBXGroup;
			children = (
				D37BD68616C605F500C255A2 /* RealtekRTL8111-Info.plist */,
				D37BD68716C605F500C255A2 /* InfoPlist.strings */,
				D34D36C61AD2F71600EEEC08 /* RealtekRTL8111-V2-Prefix.pch */,
			);
			name = "Supporting Files";
			sourceTree = "<group>";
		};
/* End PBXGroup section */

/* Begin PBXHeadersBuildPhase section */
		D34D36B91AD2F62B00EEEC08 /* Headers */ = {
			isa = PBXHeadersBuildPhase;
			buildActionMask = 2147483647;
			files = (
				D3C8EF1422FA0D0C00F3BF68 /* RealtekRTL8111Linux-804704.hpp in Headers */,
			);
			runOnlyForDeploymentPostprocessing = 0;
		};
/* End PBXHeadersBuildPhase section */

/* Begin PBXNativeTarget section */
		D34D36B41AD2F62B00EEEC08 /* RealtekRTL8111-V2 */ = {
			isa = PBXNativeTarget;
			buildConfigurationList = D34D36C11AD2F62B00EEEC08 /* Build configuration list for PBXNativeTarget "RealtekRTL8111-V2" */;
			buildPhases = (
				D34D36B51AD2F62B00EEEC08 /* Sources */,
				D34D36B81AD2F62B00EEEC08 /* Frameworks */,
				D34D36B91AD2F62B00EEEC08 /* Headers */,
				D34D36BE1AD2F62B00EEEC08 /* Resources */,
				D34D36C01AD2F62B00EEEC08 /* Rez */,
			);
			buildRules = (
			);
			dependencies = (
			);
			name = "RealtekRTL8111-V2";
			productName = RealtekRTL8111;
			productReference = D34D36C41AD2F62B00EEEC08 /* RealtekRTL8111.kext */;
			productType = "com.apple.product-type.kernel-extension";
		};
/* End PBXNativeTarget section */

/* Begin PBXProject section */
		D37BD67416C605F500C255A2 /* Project object */ = {
			isa = PBXProject;
			attributes = {
				LastUpgradeCheck = 1200;
				ORGANIZATIONNAME = "Laura Müller";
			};
			buildConfigurationList = D37BD67716C605F500C255A2 /* Build configuration list for PBXProject "RealtekRTL8111" */;
			compatibilityVersion = "Xcode 3.2";
			developmentRegion = en;
			hasScannedForEncodings = 0;
			knownRegions = (
				en,
				Base,
			);
			mainGroup = D37BD67216C605F500C255A2;
			productRefGroup = D37BD68016C605F500C255A2 /* Products */;
			projectDirPath = "";
			projectRoot = "";
			targets = (
				D34D36B41AD2F62B00EEEC08 /* RealtekRTL8111-V2 */,
			);
		};
/* End PBXProject section */

/* Begin PBXResourcesBuildPhase section */
		D34D36BE1AD2F62B00EEEC08 /* Resources */ = {
			isa = PBXResourcesBuildPhase;
			buildActionMask = 2147483647;
			files = (
				D34D36BF1AD2F62B00EEEC08 /* InfoPlist.strings in Resources */,
			);
			runOnlyForDeploymentPostprocessing = 0;
		};
/* End PBXResourcesBuildPhase section */

/* Begin PBXRezBuildPhase section */
		D34D36C01AD2F62B00EEEC08 /* Rez */ = {
			isa = PBXRezBuildPhase;
			buildActionMask = 2147483647;
			files = (
			);
			runOnlyForDeploymentPostprocessing = 0;
		};
/* End PBXRezBuildPhase section */

/* Begin PBXSourcesBuildPhase section */
		D34D36B51AD2F62B00EEEC08 /* Sources */ = {
			isa = PBXSourcesBuildPhase;
			buildActionMask = 2147483647;
			files = (
				D3C8EF1222FA0D0C00F3BF68 /* RealtekRTL8111Linux-804704.cpp in Sources */,
				D3C8EF0E22FA0BDF00F3BF68 /* RealtekRTL8111Hardware.cpp in Sources */,
				D34D36B61AD2F62B00EEEC08 /* RealtekRTL8111.cpp in Sources */,
			);
			runOnlyForDeploymentPostprocessing = 0;
		};
/* End PBXSourcesBuildPhase section */

/* Begin PBXVariantGroup section */
		D37BD68716C605F500C255A2 /* InfoPlist.strings */ = {
			isa = PBXVariantGroup;
			children = (
				D37BD68816C605F500C255A2 /* en */,
			);
			name = InfoPlist.strings;
			sourceTree = "<group>";
		};
/* End PBXVariantGroup section */

/* Begin XCBuildConfiguration section */
		D34D36C21AD2F62B00EEEC08 /* Debug */ = {
			isa = XCBuildConfiguration;
			buildSettings = {
				ALWAYS_SEARCH_USER_PATHS = NO;
				CLANG_ANALYZER_DEADCODE_DEADSTORES = NO;
				CLANG_ANALYZER_DIVIDE_BY_ZERO = NO;
				CLANG_ANALYZER_NULL_DEREFERENCE = NO;
				CLANG_ENABLE_OBJC_WEAK = YES;
				CLANG_USE_OPTIMIZATION_PROFILE = NO;
				CODE_SIGN_IDENTITY = "";
				COMBINE_HIDPI_IMAGES = YES;
				CURRENT_PROJECT_VERSION = "$(MODULE_VERSION)";
				GCC_PRECOMPILE_PREFIX_HEADER = YES;
				GCC_PREFIX_HEADER = "RealtekRTL8111/RealtekRTL8111-V2-Prefix.pch";
				GCC_VERSION = com.apple.compilers.llvm.clang.1_0;
				INFOPLIST_FILE = "RealtekRTL8111/RealtekRTL8111-Info.plist";
				INSTALL_GROUP = "$(GROUP)";
				INSTALL_OWNER = "$(USER)";
				MACOSX_DEPLOYMENT_TARGET = 10.14;
				MARKETING_VERSION = "$(MODULE_VERSION)";
				MODULE_NAME = com.insanelymac.RealtekRTL8111;
				MODULE_VERSION = 2.4.0;
				PRODUCT_BUNDLE_IDENTIFIER = "com.insanelymac.${PRODUCT_NAME:rfc1034identifier}";
				PRODUCT_NAME = RealtekRTL8111;
				RUN_CLANG_STATIC_ANALYZER = YES;
				SDKROOT = macosx;
				WRAPPER_EXTENSION = kext;
			};
			name = Debug;
		};
		D34D36C31AD2F62B00EEEC08 /* Release */ = {
			isa = XCBuildConfiguration;
			buildSettings = {
				ALWAYS_SEARCH_USER_PATHS = NO;
				CLANG_ENABLE_OBJC_WEAK = YES;
				CLANG_USE_OPTIMIZATION_PROFILE = NO;
				CODE_SIGN_IDENTITY = "";
				COMBINE_HIDPI_IMAGES = YES;
				CURRENT_PROJECT_VERSION = "$(MODULE_VERSION)";
				GCC_GENERATE_DEBUGGING_SYMBOLS = NO;
				GCC_OPTIMIZATION_LEVEL = s;
				GCC_PRECOMPILE_PREFIX_HEADER = YES;
				GCC_PREFIX_HEADER = "RealtekRTL8111/RealtekRTL8111-V2-Prefix.pch";
				GCC_VERSION = com.apple.compilers.llvm.clang.1_0;
				INFOPLIST_FILE = "RealtekRTL8111/RealtekRTL8111-Info.plist";
				INSTALL_GROUP = "$(GROUP)";
				INSTALL_OWNER = "$(USER)";
				LLVM_LTO = YES;
				MACOSX_DEPLOYMENT_TARGET = 10.14;
				MARKETING_VERSION = "$(MODULE_VERSION)";
				MODULE_NAME = com.insanelymac.RealtekRTL8111;
				MODULE_VERSION = 2.4.0;
				PRODUCT_BUNDLE_IDENTIFIER = "com.insanelymac.${PRODUCT_NAME:rfc1034identifier}";
				PRODUCT_NAME = RealtekRTL8111;
				SDKROOT = macosx;
				WRAPPER_EXTENSION = kext;
			};
			name = Release;
		};
		D37BD68E16C605F500C255A2 /* Debug */ = {
			isa = XCBuildConfiguration;
			buildSettings = {
				ALWAYS_SEARCH_USER_PATHS = NO;
				CLANG_ANALYZER_LOCALIZABILITY_NONLOCALIZED = YES;
				CLANG_CXX_LANGUAGE_STANDARD = "gnu++98";
				CLANG_WARN_BLOCK_CAPTURE_AUTORELEASING = YES;
				CLANG_WARN_BOOL_CONVERSION = YES;
				CLANG_WARN_COMMA = YES;
				CLANG_WARN_CONSTANT_CONVERSION = YES;
				CLANG_WARN_DEPRECATED_OBJC_IMPLEMENTATIONS = YES;
				CLANG_WARN_EMPTY_BODY = YES;
				CLANG_WARN_ENUM_CONVERSION = YES;
				CLANG_WARN_INFINITE_RECURSION = YES;
				CLANG_WARN_INT_CONVERSION = YES;
				CLANG_WARN_NON_LITERAL_NULL_CONVERSION = YES;
				CLANG_WARN_OBJC_IMPLICIT_RETAIN_SELF = YES;
				CLANG_WARN_OBJC_LITERAL_CONVERSION = YES;
				CLANG_WARN_QUOTED_INCLUDE_IN_FRAMEWORK_HEADER = NO;
				CLANG_WARN_RANGE_LOOP_ANALYSIS = YES;
				CLANG_WARN_STRICT_PROTOTYPES = YES;
				CLANG_WARN_SUSPICIOUS_MOVE = YES;
				CLANG_WARN_UNREACHABLE_CODE = YES;
				CLANG_WARN__DUPLICATE_METHOD_MATCH = YES;
				COPY_PHASE_STRIP = NO;
				ENABLE_STRICT_OBJC_MSGSEND = YES;
				ENABLE_TESTABILITY = YES;
				GCC_C_LANGUAGE_STANDARD = gnu99;
				GCC_DYNAMIC_NO_PIC = NO;
				GCC_ENABLE_OBJC_EXCEPTIONS = YES;
				GCC_NO_COMMON_BLOCKS = YES;
				GCC_OPTIMIZATION_LEVEL = 0;
				GCC_PREPROCESSOR_DEFINITIONS = (
					"DEBUG=1",
					"$(inherited)",
				);
				GCC_SYMBOLS_PRIVATE_EXTERN = NO;
				GCC_WARN_64_TO_32_BIT_CONVERSION = YES;
				GCC_WARN_ABOUT_RETURN_TYPE = YES;
				GCC_WARN_UNDECLARED_SELECTOR = YES;
				GCC_WARN_UNINITIALIZED_AUTOS = YES;
				GCC_WARN_UNUSED_FUNCTION = YES;
				GCC_WARN_UNUSED_VARIABLE = YES;
				MACOSX_DEPLOYMENT_TARGET = 10.14;
				ONLY_ACTIVE_ARCH = YES;
				SDKROOT = macosx;
			};
			name = Debug;
		};
		D37BD68F16C605F500C255A2 /* Release */ = {
			isa = XCBuildConfiguration;
			buildSettings = {
				ALWAYS_SEARCH_USER_PATHS = NO;
				CLANG_ANALYZER_LOCALIZABILITY_NONLOCALIZED = YES;
				CLANG_CXX_LANGUAGE_STANDARD = "gnu++98";
				CLANG_WARN_BLOCK_CAPTURE_AUTORELEASING = YES;
				CLANG_WARN_BOOL_CONVERSION = YES;
				CLANG_WARN_COMMA = YES;
				CLANG_WARN_CONSTANT_CONVERSION = YES;
				CLANG_WARN_DEPRECATED_OBJC_IMPLEMENTATIONS = YES;
				CLANG_WARN_EMPTY_BODY = YES;
				CLANG_WARN_ENUM_CONVERSION = YES;
				CLANG_WARN_INFINITE_RECURSION = YES;
				CLANG_WARN_INT_CONVERSION = YES;
				CLANG_WARN_NON_LITERAL_NULL_CONVERSION = YES;
				CLANG_WARN_OBJC_IMPLICIT_RETAIN_SELF = YES;
				CLANG_WARN_OBJC_LITERAL_CONVERSION = YES;
				CLANG_WARN_QUOTED_INCLUDE_IN_FRAMEWORK_HEADER = NO;
				CLANG_WARN_RANGE_LOOP_ANALYSIS = YES;
				CLANG_WARN_STRICT_PROTOTYPES = YES;
				CLANG_WARN_SUSPICIOUS_MOVE = YES;
				CLANG_WARN_UNREACHABLE_CODE = YES;
				CLANG_WARN__DUPLICATE_METHOD_MATCH = YES;
				COPY_PHASE_STRIP = YES;
				DEBUG_INFORMATION_FORMAT = "dwarf-with-dsym";
				ENABLE_STRICT_OBJC_MSGSEND = YES;
				GCC_C_LANGUAGE_STANDARD = gnu99;
				GCC_ENABLE_OBJC_EXCEPTIONS = YES;
				GCC_NO_COMMON_BLOCKS = YES;
				GCC_WARN_64_TO_32_BIT_CONVERSION = YES;
				GCC_WARN_ABOUT_RETURN_TYPE = YES;
				GCC_WARN_UNDECLARED_SELECTOR = YES;
				GCC_WARN_UNINITIALIZED_AUTOS = YES;
				GCC_WARN_UNUSED_FUNCTION = YES;
				GCC_WARN_UNUSED_VARIABLE = YES;
				MACOSX_DEPLOYMENT_TARGET = 10.14;
				SDKROOT = macosx;
			};
			name = Release;
		};
/* End XCBuildConfiguration section */

/* Begin XCConfigurationList section */
		D34D36C11AD2F62B00EEEC08 /* Build configuration list for PBXNativeTarget "RealtekRTL8111-V2" */ = {
			isa = XCConfigurationList;
			buildConfigurations = (
				D34D36C21AD2F62B00EEEC08 /* Debug */,
				D34D36C31AD2F62B00EEEC08 /* Release */,
			);
			defaultConfigurationIsVisible = 0;
			defaultConfigurationName = Release;
		};
		D37BD67716C605F500C255A2 /* Build configuration list for PBXProject "RealtekRTL8111" */ = {
			isa = XCConfigurationList;
			buildConfigurations = (
				D37BD68E16C605F500C255A2 /* Debug */,
				D37BD68F16C605F500C255A2 /* Release */,
			);
			defaultConfigurationIsVisible = 0;
			defaultConfigurationName = Release;
		};
/* End XCConfigurationList section */
	};
	rootObject = D37BD67416C605F500C255A2 /* Project object */;
}
